// !$*UTF8*$!
{
	archiveVersion = 1;
	classes = {
	};
	objectVersion = 54;
	objects = {

/* Begin PBXBuildFile section */
		03A7C474D06A1EF03440863B /* ViewController.xib in Resources */ = {isa = PBXBuildFile; fileRef = 4D09AB6CF4084C62C91BB1A4 /* ViewController.xib */; };
		0DE877CC399CFD0645904DA7 /* NotificationServiceQ.appex in Embed Foundation Extensions */ = {isa = PBXBuildFile; fileRef = 493864C22F386D13C787A8C8 /* NotificationServiceQ.appex */; settings = {ATTRIBUTES = (RemoveHeadersOnCopy, ); }; };
		10CB71BEE543A969271B808D /* NotificationServiceInfoQ.plist in Resources */ = {isa = PBXBuildFile; fileRef = 41381F18E490BBA5FDFCFC32 /* NotificationServiceInfoQ.plist */; };
		13861B2F48ABECE0E404FF7E /* NotificationContentInfo.plist in Resources */ = {isa = PBXBuildFile; fileRef = BB69CD9810C13C6299139A0D /* NotificationContentInfo.plist */; };
		17A22D106293EDA414BAA375 /* YKRPC_POD_NAMEEmptyOC.m in Sources */ = {isa = PBXBuildFile; fileRef = 9A8D8546DBF959D7A9024624 /* YKRPC_POD_NAMEEmptyOC.m */; };
		1AA8D88D030A2888A05D36B1 /* Assets.xcassets in Resources */ = {isa = PBXBuildFile; fileRef = 95A500F4A32A44390A82B451 /* Assets.xcassets */; };
		37CE2CA4B74B1C1101E9C589 /* UserNotifications.framework in Frameworks */ = {isa = PBXBuildFile; fileRef = 5644CDE18EF6FC98885E087F /* UserNotifications.framework */; };
		389EC1EB1D5611F5E266C8A1 /* ViewController.swift in Sources */ = {isa = PBXBuildFile; fileRef = 0901B9115B13C87276CC8884 /* ViewController.swift */; };
		3CB879ECB8F018029F5C9D6B /* LaunchScreen.storyboard in Resources */ = {isa = PBXBuildFile; fileRef = 702AE4F923264E694CD9E7B5 /* LaunchScreen.storyboard */; };
		3D16B5AD42A0CED291FE2FB6 /* UserNotifications.framework in Frameworks */ = {isa = PBXBuildFile; fileRef = 5644CDE18EF6FC98885E087F /* UserNotifications.framework */; };
		54608A590F1D6D6E789B155B /* NotificationServiceInfo.plist in Resources */ = {isa = PBXBuildFile; fileRef = 1F2DD4C6A30B1CF78B576967 /* NotificationServiceInfo.plist */; };
		55A76022EB321EBA8ED872B0 /* YKRPC_POD_NAMEEmptyOC.m in Sources */ = {isa = PBXBuildFile; fileRef = 9A8D8546DBF959D7A9024624 /* YKRPC_POD_NAMEEmptyOC.m */; };
		568B9736A2606F313C4356FC /* UserNotifications.framework in Frameworks */ = {isa = PBXBuildFile; fileRef = 5644CDE18EF6FC98885E087F /* UserNotifications.framework */; };
		5F404FD3F0C67B053C3A8D4A /* LaunchScreen.storyboard in Resources */ = {isa = PBXBuildFile; fileRef = 702AE4F923264E694CD9E7B5 /* LaunchScreen.storyboard */; };
		68B43C3ADC228955DF19B118 /* AppDelegate.swift in Sources */ = {isa = PBXBuildFile; fileRef = F8DA319ABAE82DA30957C665 /* AppDelegate.swift */; };
		6ECA40D682FA325D65AE591D /* AppDelegate.swift in Sources */ = {isa = PBXBuildFile; fileRef = F8DA319ABAE82DA30957C665 /* AppDelegate.swift */; };
		74F90E4A5E297E6F9BD9461E /* NotificationContent.appex in Embed Foundation Extensions */ = {isa = PBXBuildFile; fileRef = 0A9202EDCC13940397ED54F6 /* NotificationContent.appex */; settings = {ATTRIBUTES = (RemoveHeadersOnCopy, ); }; };
		76D4D085F38AF44BAF829FB1 /* NotificationService.swift in Sources */ = {isa = PBXBuildFile; fileRef = 71A502D86A51568CE84C426E /* NotificationService.swift */; };
		7CD6D51C35F194540E25EFD9 /* UserNotifications.framework in Frameworks */ = {isa = PBXBuildFile; fileRef = 5644CDE18EF6FC98885E087F /* UserNotifications.framework */; };
		834C4474B7F9A784924A07E6 /* NotificationContentInfo.plist in Resources */ = {isa = PBXBuildFile; fileRef = BB69CD9810C13C6299139A0D /* NotificationContentInfo.plist */; };
		9FB8593C30A709934FD30CC0 /* NotificationContentInfoQ.plist in Resources */ = {isa = PBXBuildFile; fileRef = 26940F41F074A37DC18E7D2F /* NotificationContentInfoQ.plist */; };
		A0CFD6CABED2766A6B57DDCC /* NotificationServiceInfo.plist in Resources */ = {isa = PBXBuildFile; fileRef = 1F2DD4C6A30B1CF78B576967 /* NotificationServiceInfo.plist */; };
		B0994AB095434BFED3DDEA8A /* MainInterface.storyboard in Resources */ = {isa = PBXBuildFile; fileRef = 77F68168B539D0C803514F6A /* MainInterface.storyboard */; };
		BC96C2514E8406F6F92577A9 /* MainInterface.storyboard in Resources */ = {isa = PBXBuildFile; fileRef = 77F68168B539D0C803514F6A /* MainInterface.storyboard */; };
		C286810CDCF150023052C281 /* ViewController.xib in Resources */ = {isa = PBXBuildFile; fileRef = 4D09AB6CF4084C62C91BB1A4 /* ViewController.xib */; };
		C33FB7EC97BE18A082FDAE90 /* NotificationService.swift in Sources */ = {isa = PBXBuildFile; fileRef = 71A502D86A51568CE84C426E /* NotificationService.swift */; };
		C4FFE507F31789A037F10B0A /* NotificationViewController.swift in Sources */ = {isa = PBXBuildFile; fileRef = EB2310A58B87B3F2E12F152C /* NotificationViewController.swift */; };
		C652005DF2DBCBBE58F6A968 /* NotificationServiceInfoQ.plist in Resources */ = {isa = PBXBuildFile; fileRef = 41381F18E490BBA5FDFCFC32 /* NotificationServiceInfoQ.plist */; };
		C8606862691802131D40A6A2 /* NotificationContentQ.appex in Embed Foundation Extensions */ = {isa = PBXBuildFile; fileRef = 1EE5D40FE49A0659E103EADD /* NotificationContentQ.appex */; settings = {ATTRIBUTES = (RemoveHeadersOnCopy, ); }; };
		E3618FC74CCA2307CB905D6A /* InfoQ.plist in Resources */ = {isa = PBXBuildFile; fileRef = 830A4535D7E06B91158896D7 /* InfoQ.plist */; };
		ED6F68EABA67E10161DCE63D /* NotificationContentInfoQ.plist in Resources */ = {isa = PBXBuildFile; fileRef = 26940F41F074A37DC18E7D2F /* NotificationContentInfoQ.plist */; };
		EE7ED592B55C62A62C767DCB /* NotificationService.appex in Embed Foundation Extensions */ = {isa = PBXBuildFile; fileRef = AB81B327B61253450B822C72 /* NotificationService.appex */; settings = {ATTRIBUTES = (RemoveHeadersOnCopy, ); }; };
		F839ADD38935DB03CAAB37AE /* Assets.xcassets in Resources */ = {isa = PBXBuildFile; fileRef = 95A500F4A32A44390A82B451 /* Assets.xcassets */; };
		FB2BDB54C34FE2542D744808 /* NotificationViewController.swift in Sources */ = {isa = PBXBuildFile; fileRef = EB2310A58B87B3F2E12F152C /* NotificationViewController.swift */; };
		FC94E066226F56D020B23B95 /* ViewController.swift in Sources */ = {isa = PBXBuildFile; fileRef = 0901B9115B13C87276CC8884 /* ViewController.swift */; };
/* End PBXBuildFile section */

/* Begin PBXContainerItemProxy section */
		65F8BEA93D2DA9F15D41BD1B /* PBXContainerItemProxy */ = {
			isa = PBXContainerItemProxy;
			containerPortal = 7B9BDDC8E90B0D6D6403F766 /* Project object */;
			proxyType = 1;
			remoteGlobalIDString = 6ABE28C2F21F003589A36625;
			remoteInfo = NotificationService;
		};
		881B635A59B764953A634989 /* PBXContainerItemProxy */ = {
			isa = PBXContainerItemProxy;
			containerPortal = 7B9BDDC8E90B0D6D6403F766 /* Project object */;
			proxyType = 1;
			remoteGlobalIDString = 2A6FD03C987E90E50C52D84D;
			remoteInfo = NotificationServiceQ;
		};
		B1454A5F496CBB4FABC2026A /* PBXContainerItemProxy */ = {
			isa = PBXContainerItemProxy;
			containerPortal = 7B9BDDC8E90B0D6D6403F766 /* Project object */;
			proxyType = 1;
			remoteGlobalIDString = 7D4ADE6CA11D85A0EDD35A3C;
			remoteInfo = NotificationContentQ;
		};
		DCA4F51FDDFA1881032019A5 /* PBXContainerItemProxy */ = {
			isa = PBXContainerItemProxy;
			containerPortal = 7B9BDDC8E90B0D6D6403F766 /* Project object */;
			proxyType = 1;
			remoteGlobalIDString = 5BD6DE13341336FA7934149F;
			remoteInfo = NotificationContent;
		};
/* End PBXContainerItemProxy section */

/* Begin PBXCopyFilesBuildPhase section */
		8067B3185AE57BDCCE814CB1 /* Embed Foundation Extensions */ = {
			isa = PBXCopyFilesBuildPhase;
			buildActionMask = 2147483647;
			dstPath = "";
			dstSubfolderSpec = 13;
			files = (
				C8606862691802131D40A6A2 /* NotificationContentQ.appex in Embed Foundation Extensions */,
				0DE877CC399CFD0645904DA7 /* NotificationServiceQ.appex in Embed Foundation Extensions */,
			);
			name = "Embed Foundation Extensions";
			runOnlyForDeploymentPostprocessing = 0;
		};
		9DD43BD75767586FCF391190 /* Embed Foundation Extensions */ = {
			isa = PBXCopyFilesBuildPhase;
			buildActionMask = 2147483647;
			dstPath = "";
			dstSubfolderSpec = 13;
			files = (
				74F90E4A5E297E6F9BD9461E /* NotificationContent.appex in Embed Foundation Extensions */,
				EE7ED592B55C62A62C767DCB /* NotificationService.appex in Embed Foundation Extensions */,
			);
			name = "Embed Foundation Extensions";
			runOnlyForDeploymentPostprocessing = 0;
		};
/* End PBXCopyFilesBuildPhase section */

/* Begin PBXFileReference section */
		0901B9115B13C87276CC8884 /* ViewController.swift */ = {isa = PBXFileReference; lastKnownFileType = sourcecode.swift; path = ViewController.swift; sourceTree = "<group>"; };
		0A9202EDCC13940397ED54F6 /* NotificationContent.appex */ = {isa = PBXFileReference; includeInIndex = 0; lastKnownFileType = "wrapper.app-extension"; path = NotificationContent.appex; sourceTree = BUILT_PRODUCTS_DIR; };
		1EE5D40FE49A0659E103EADD /* NotificationContentQ.appex */ = {isa = PBXFileReference; includeInIndex = 0; lastKnownFileType = "wrapper.app-extension"; path = NotificationContentQ.appex; sourceTree = BUILT_PRODUCTS_DIR; };
		1F2DD4C6A30B1CF78B576967 /* NotificationServiceInfo.plist */ = {isa = PBXFileReference; lastKnownFileType = text.plist; path = NotificationServiceInfo.plist; sourceTree = "<group>"; };
		1F51BA1025CD135A421BF9FD /* Base */ = {isa = PBXFileReference; lastKnownFileType = file.storyboard; name = Base; path = Base.lproj/MainInterface.storyboard; sourceTree = "<group>"; };
		26940F41F074A37DC18E7D2F /* NotificationContentInfoQ.plist */ = {isa = PBXFileReference; lastKnownFileType = text.plist; path = NotificationContentInfoQ.plist; sourceTree = "<group>"; };
		2744F542E136DF45AD42934E /* NotificationContentQ-Shared.xcconfig */ = {isa = PBXFileReference; lastKnownFileType = text.xcconfig; path = "NotificationContentQ-Shared.xcconfig"; sourceTree = "<group>"; };
		27C866A7051310EB1E295088 /* NotificationService.Qdebug.xcconfig */ = {isa = PBXFileReference; lastKnownFileType = text.xcconfig; path = NotificationService.Qdebug.xcconfig; sourceTree = "<group>"; };
		32008237047185729C746AA3 /* NotificationContent.Qdebug.xcconfig */ = {isa = PBXFileReference; lastKnownFileType = text.xcconfig; path = NotificationContent.Qdebug.xcconfig; sourceTree = "<group>"; };
		4103B231D6303B41F4A9AD4A /* Project.Qrelease.xcconfig */ = {isa = PBXFileReference; lastKnownFileType = text.xcconfig; path = Project.Qrelease.xcconfig; sourceTree = "<group>"; };
		41381F18E490BBA5FDFCFC32 /* NotificationServiceInfoQ.plist */ = {isa = PBXFileReference; lastKnownFileType = text.plist; path = NotificationServiceInfoQ.plist; sourceTree = "<group>"; };
		4428043D213F525DB1A88CC2 /* YKRPC_POD_NAME_Example.app */ = {isa = PBXFileReference; includeInIndex = 0; lastKnownFileType = wrapper.application; path = YKRPC_POD_NAME_Example.app; sourceTree = BUILT_PRODUCTS_DIR; };
		493864C22F386D13C787A8C8 /* NotificationServiceQ.appex */ = {isa = PBXFileReference; includeInIndex = 0; lastKnownFileType = "wrapper.app-extension"; path = NotificationServiceQ.appex; sourceTree = BUILT_PRODUCTS_DIR; };
		49E63B2D97D45E6D1E7DABCA /* YKRPC_POD_NAMEEmptyOC.h */ = {isa = PBXFileReference; lastKnownFileType = sourcecode.c.h; path = YKRPC_POD_NAMEEmptyOC.h; sourceTree = "<group>"; };
		4B41F3ECF414E2E0F832B10D /* NotificationContent.debug.xcconfig */ = {isa = PBXFileReference; lastKnownFileType = text.xcconfig; path = NotificationContent.debug.xcconfig; sourceTree = "<group>"; };
		4D09AB6CF4084C62C91BB1A4 /* ViewController.xib */ = {isa = PBXFileReference; lastKnownFileType = file.xib; path = ViewController.xib; sourceTree = "<group>"; };
		4E0B9A8DFF0647E92BF2646F /* YKRPC_POD_NAME_Example.Qdebug.xcconfig */ = {isa = PBXFileReference; lastKnownFileType = text.xcconfig; path = YKRPC_POD_NAME_Example.Qdebug.xcconfig; sourceTree = "<group>"; };
		525EF26D0A5E576FA1C57118 /* YKRPC_POD_NAME_ExampleQ.app */ = {isa = PBXFileReference; includeInIndex = 0; lastKnownFileType = wrapper.application; path = YKRPC_POD_NAME_ExampleQ.app; sourceTree = BUILT_PRODUCTS_DIR; };
		5639A3DB1BF749516CA4D518 /* Project-Shared.xcconfig */ = {isa = PBXFileReference; lastKnownFileType = text.xcconfig; path = "Project-Shared.xcconfig"; sourceTree = "<group>"; };
		5644CDE18EF6FC98885E087F /* UserNotifications.framework */ = {isa = PBXFileReference; lastKnownFileType = wrapper.framework; name = UserNotifications.framework; path = System/Library/Frameworks/UserNotifications.framework; sourceTree = SDKROOT; };
		5B3689DC36D8ECBF75C0789A /* NotificationService-Shared.xcconfig */ = {isa = PBXFileReference; lastKnownFileType = text.xcconfig; path = "NotificationService-Shared.xcconfig"; sourceTree = "<group>"; };
		7112CC745C595002DD20D9C2 /* Project.release.xcconfig */ = {isa = PBXFileReference; lastKnownFileType = text.xcconfig; path = Project.release.xcconfig; sourceTree = "<group>"; };
		71A502D86A51568CE84C426E /* NotificationService.swift */ = {isa = PBXFileReference; lastKnownFileType = sourcecode.swift; path = NotificationService.swift; sourceTree = "<group>"; };
		756A1EC475277E60D606DABE /* YKRPC_POD_NAME_Example.Qrelease.xcconfig */ = {isa = PBXFileReference; lastKnownFileType = text.xcconfig; path = YKRPC_POD_NAME_Example.Qrelease.xcconfig; sourceTree = "<group>"; };
		76BC818F8AA91062EFC04DC8 /* NotificationContent.release.xcconfig */ = {isa = PBXFileReference; lastKnownFileType = text.xcconfig; path = NotificationContent.release.xcconfig; sourceTree = "<group>"; };
		7B019D35065E930569A403F0 /* YKRPC_POD_NAME_Example-Bridging-Header.h */ = {isa = PBXFileReference; lastKnownFileType = sourcecode.c.h; path = "YKRPC_POD_NAME_Example-Bridging-Header.h"; sourceTree = "<group>"; };
		830A4535D7E06B91158896D7 /* InfoQ.plist */ = {isa = PBXFileReference; lastKnownFileType = text.plist; path = InfoQ.plist; sourceTree = "<group>"; };
		83E15728C090BE735390F122 /* YKRPC_POD_NAME_ExampleQ-Shared.xcconfig */ = {isa = PBXFileReference; lastKnownFileType = text.xcconfig; path = "YKRPC_POD_NAME_ExampleQ-Shared.xcconfig"; sourceTree = "<group>"; };
		8C912435CF22C2AFA8B0D854 /* NotificationContent.Qrelease.xcconfig */ = {isa = PBXFileReference; lastKnownFileType = text.xcconfig; path = NotificationContent.Qrelease.xcconfig; sourceTree = "<group>"; };
		8D4A0A3F70D30CECEE9B9911 /* NotificationService.debug.xcconfig */ = {isa = PBXFileReference; lastKnownFileType = text.xcconfig; path = NotificationService.debug.xcconfig; sourceTree = "<group>"; };
		95A500F4A32A44390A82B451 /* Assets.xcassets */ = {isa = PBXFileReference; lastKnownFileType = folder.assetcatalog; path = Assets.xcassets; sourceTree = "<group>"; };
		95C0D5585CE45A6FBDBCB16A /* NotificationServiceQ-Shared.xcconfig */ = {isa = PBXFileReference; lastKnownFileType = text.xcconfig; path = "NotificationServiceQ-Shared.xcconfig"; sourceTree = "<group>"; };
		9A8D8546DBF959D7A9024624 /* YKRPC_POD_NAMEEmptyOC.m */ = {isa = PBXFileReference; lastKnownFileType = sourcecode.c.objc; path = YKRPC_POD_NAMEEmptyOC.m; sourceTree = "<group>"; };
		9C68BEC1A23FC004989B6E22 /* YKRPC_POD_NAME_ExampleUITests-Bridging-Header.h */ = {isa = PBXFileReference; lastKnownFileType = sourcecode.c.h; path = "YKRPC_POD_NAME_ExampleUITests-Bridging-Header.h"; sourceTree = "<group>"; };
		AB81B327B61253450B822C72 /* NotificationService.appex */ = {isa = PBXFileReference; includeInIndex = 0; lastKnownFileType = "wrapper.app-extension"; path = NotificationService.appex; sourceTree = BUILT_PRODUCTS_DIR; };
		B160A36D8E4DF3D9B505B683 /* YKRPC_POD_NAME_Example.release.xcconfig */ = {isa = PBXFileReference; lastKnownFileType = text.xcconfig; path = YKRPC_POD_NAME_Example.release.xcconfig; sourceTree = "<group>"; };
		B6B6486AF8EA00FD996F1521 /* NotificationService.release.xcconfig */ = {isa = PBXFileReference; lastKnownFileType = text.xcconfig; path = NotificationService.release.xcconfig; sourceTree = "<group>"; };
		B7A911CA77B58FF5A9ADF951 /* Project.Qdebug.xcconfig */ = {isa = PBXFileReference; lastKnownFileType = text.xcconfig; path = Project.Qdebug.xcconfig; sourceTree = "<group>"; };
		BAF3AD5BA396811BBEBE6E68 /* Info.plist */ = {isa = PBXFileReference; lastKnownFileType = text.plist; path = Info.plist; sourceTree = "<group>"; };
		BB69CD9810C13C6299139A0D /* NotificationContentInfo.plist */ = {isa = PBXFileReference; lastKnownFileType = text.plist; path = NotificationContentInfo.plist; sourceTree = "<group>"; };
		BD1923975B10157735080FC4 /* Base */ = {isa = PBXFileReference; lastKnownFileType = file.storyboard; name = Base; path = Base.lproj/LaunchScreen.storyboard; sourceTree = "<group>"; };
		C6B97C9632395D3425006C36 /* NotificationContent-Shared.xcconfig */ = {isa = PBXFileReference; lastKnownFileType = text.xcconfig; path = "NotificationContent-Shared.xcconfig"; sourceTree = "<group>"; };
		CD599FB65E0564B94640A851 /* YKRPC_POD_NAME_ExampleTests-Bridging-Header.h */ = {isa = PBXFileReference; lastKnownFileType = sourcecode.c.h; path = "YKRPC_POD_NAME_ExampleTests-Bridging-Header.h"; sourceTree = "<group>"; };
		D3B5C6737740BE1A546A7FCE /* YKRPC_POD_NAME_Example.debug.xcconfig */ = {isa = PBXFileReference; lastKnownFileType = text.xcconfig; path = YKRPC_POD_NAME_Example.debug.xcconfig; sourceTree = "<group>"; };
		DAF51CC88A1B7BF7413D0B4D /* NotificationService.Qrelease.xcconfig */ = {isa = PBXFileReference; lastKnownFileType = text.xcconfig; path = NotificationService.Qrelease.xcconfig; sourceTree = "<group>"; };
		EB2310A58B87B3F2E12F152C /* NotificationViewController.swift */ = {isa = PBXFileReference; lastKnownFileType = sourcecode.swift; path = NotificationViewController.swift; sourceTree = "<group>"; };
		F3F5D5087BD2FE7E54AD5CFB /* YKRPC_POD_NAME_Example-Shared.xcconfig */ = {isa = PBXFileReference; lastKnownFileType = text.xcconfig; path = "YKRPC_POD_NAME_Example-Shared.xcconfig"; sourceTree = "<group>"; };
		F8DA319ABAE82DA30957C665 /* AppDelegate.swift */ = {isa = PBXFileReference; lastKnownFileType = sourcecode.swift; path = AppDelegate.swift; sourceTree = "<group>"; };
		FB08B46851D6941DEE324CBB /* Project.debug.xcconfig */ = {isa = PBXFileReference; lastKnownFileType = text.xcconfig; path = Project.debug.xcconfig; sourceTree = "<group>"; };
/* End PBXFileReference section */

/* Begin PBXFrameworksBuildPhase section */
		18538A3AD6E810389ACD64FB /* Frameworks */ = {
			isa = PBXFrameworksBuildPhase;
			buildActionMask = 2147483647;
			files = (
				37CE2CA4B74B1C1101E9C589 /* UserNotifications.framework in Frameworks */,
			);
			runOnlyForDeploymentPostprocessing = 0;
		};
		41EB5A608D88113FBCB26469 /* Frameworks */ = {
			isa = PBXFrameworksBuildPhase;
			buildActionMask = 2147483647;
			files = (
				568B9736A2606F313C4356FC /* UserNotifications.framework in Frameworks */,
			);
			runOnlyForDeploymentPostprocessing = 0;
		};
		42A95D88599B8E0B065E5D03 /* Frameworks */ = {
			isa = PBXFrameworksBuildPhase;
			buildActionMask = 2147483647;
			files = (
				7CD6D51C35F194540E25EFD9 /* UserNotifications.framework in Frameworks */,
			);
			runOnlyForDeploymentPostprocessing = 0;
		};
		C6383F241E720A127A77DAA0 /* Frameworks */ = {
			isa = PBXFrameworksBuildPhase;
			buildActionMask = 2147483647;
			files = (
				3D16B5AD42A0CED291FE2FB6 /* UserNotifications.framework in Frameworks */,
			);
			runOnlyForDeploymentPostprocessing = 0;
		};
/* End PBXFrameworksBuildPhase section */

/* Begin PBXGroup section */
		15CB41614749CBF806881EC9 = {
			isa = PBXGroup;
			children = (
				ABDF870E48667B2E562814DB /* Common */,
				921E97BAAD7ACAD8BA4B79FE /* iOS */,
				E85172E7D58D5E43D5183274 /* NotificationContent */,
				D943C9353FF47170B488F670 /* NotificationService */,
				F03892205BA4891ADC623DDB /* YKRPC_POD_NAME_Example */,
				3E9B4C2506400AFBEFB7C5EF /* Frameworks */,
				CDEE8945C239E78379856492 /* Products */,
			);
			sourceTree = "<group>";
		};
		3A254236B44AE23BCABBF1C1 /* xcconfig */ = {
			isa = PBXGroup;
			children = (
				C6B97C9632395D3425006C36 /* NotificationContent-Shared.xcconfig */,
				4B41F3ECF414E2E0F832B10D /* NotificationContent.debug.xcconfig */,
				32008237047185729C746AA3 /* NotificationContent.Qdebug.xcconfig */,
				8C912435CF22C2AFA8B0D854 /* NotificationContent.Qrelease.xcconfig */,
				76BC818F8AA91062EFC04DC8 /* NotificationContent.release.xcconfig */,
				2744F542E136DF45AD42934E /* NotificationContentQ-Shared.xcconfig */,
				5B3689DC36D8ECBF75C0789A /* NotificationService-Shared.xcconfig */,
				8D4A0A3F70D30CECEE9B9911 /* NotificationService.debug.xcconfig */,
				27C866A7051310EB1E295088 /* NotificationService.Qdebug.xcconfig */,
				DAF51CC88A1B7BF7413D0B4D /* NotificationService.Qrelease.xcconfig */,
				B6B6486AF8EA00FD996F1521 /* NotificationService.release.xcconfig */,
				95C0D5585CE45A6FBDBCB16A /* NotificationServiceQ-Shared.xcconfig */,
				5639A3DB1BF749516CA4D518 /* Project-Shared.xcconfig */,
				FB08B46851D6941DEE324CBB /* Project.debug.xcconfig */,
				B7A911CA77B58FF5A9ADF951 /* Project.Qdebug.xcconfig */,
				4103B231D6303B41F4A9AD4A /* Project.Qrelease.xcconfig */,
				7112CC745C595002DD20D9C2 /* Project.release.xcconfig */,
				F3F5D5087BD2FE7E54AD5CFB /* YKRPC_POD_NAME_Example-Shared.xcconfig */,
				D3B5C6737740BE1A546A7FCE /* YKRPC_POD_NAME_Example.debug.xcconfig */,
				4E0B9A8DFF0647E92BF2646F /* YKRPC_POD_NAME_Example.Qdebug.xcconfig */,
				756A1EC475277E60D606DABE /* YKRPC_POD_NAME_Example.Qrelease.xcconfig */,
				B160A36D8E4DF3D9B505B683 /* YKRPC_POD_NAME_Example.release.xcconfig */,
				83E15728C090BE735390F122 /* YKRPC_POD_NAME_ExampleQ-Shared.xcconfig */,
			);
			path = xcconfig;
			sourceTree = "<group>";
		};
		3E9B4C2506400AFBEFB7C5EF /* Frameworks */ = {
			isa = PBXGroup;
			children = (
				5644CDE18EF6FC98885E087F /* UserNotifications.framework */,
			);
			name = Frameworks;
			sourceTree = "<group>";
		};
		921E97BAAD7ACAD8BA4B79FE /* iOS */ = {
			isa = PBXGroup;
			children = (
				3A254236B44AE23BCABBF1C1 /* xcconfig */,
			);
			name = iOS;
			path = config/iOS;
			sourceTree = "<group>";
		};
		ABDF870E48667B2E562814DB /* Common */ = {
			isa = PBXGroup;
			children = (
				F8DA319ABAE82DA30957C665 /* AppDelegate.swift */,
				95A500F4A32A44390A82B451 /* Assets.xcassets */,
				702AE4F923264E694CD9E7B5 /* LaunchScreen.storyboard */,
				0901B9115B13C87276CC8884 /* ViewController.swift */,
				4D09AB6CF4084C62C91BB1A4 /* ViewController.xib */,
				7B019D35065E930569A403F0 /* YKRPC_POD_NAME_Example-Bridging-Header.h */,
				CD599FB65E0564B94640A851 /* YKRPC_POD_NAME_ExampleTests-Bridging-Header.h */,
				9C68BEC1A23FC004989B6E22 /* YKRPC_POD_NAME_ExampleUITests-Bridging-Header.h */,
				49E63B2D97D45E6D1E7DABCA /* YKRPC_POD_NAMEEmptyOC.h */,
				9A8D8546DBF959D7A9024624 /* YKRPC_POD_NAMEEmptyOC.m */,
			);
			name = Common;
			path = YKRPC_POD_NAME_Example/YKRPC_POD_NAME_Example/Common;
			sourceTree = "<group>";
		};
		CDEE8945C239E78379856492 /* Products */ = {
			isa = PBXGroup;
			children = (
				0A9202EDCC13940397ED54F6 /* NotificationContent.appex */,
				1EE5D40FE49A0659E103EADD /* NotificationContentQ.appex */,
				AB81B327B61253450B822C72 /* NotificationService.appex */,
				493864C22F386D13C787A8C8 /* NotificationServiceQ.appex */,
				4428043D213F525DB1A88CC2 /* YKRPC_POD_NAME_Example.app */,
				525EF26D0A5E576FA1C57118 /* YKRPC_POD_NAME_ExampleQ.app */,
			);
			name = Products;
			sourceTree = "<group>";
		};
		D943C9353FF47170B488F670 /* NotificationService */ = {
			isa = PBXGroup;
			children = (
				71A502D86A51568CE84C426E /* NotificationService.swift */,
				1F2DD4C6A30B1CF78B576967 /* NotificationServiceInfo.plist */,
				41381F18E490BBA5FDFCFC32 /* NotificationServiceInfoQ.plist */,
			);
			name = NotificationService;
			path = YKRPC_POD_NAME_Example/NotificationService;
			sourceTree = "<group>";
		};
		E85172E7D58D5E43D5183274 /* NotificationContent */ = {
			isa = PBXGroup;
			children = (
				77F68168B539D0C803514F6A /* MainInterface.storyboard */,
				BB69CD9810C13C6299139A0D /* NotificationContentInfo.plist */,
				26940F41F074A37DC18E7D2F /* NotificationContentInfoQ.plist */,
				EB2310A58B87B3F2E12F152C /* NotificationViewController.swift */,
			);
			name = NotificationContent;
			path = YKRPC_POD_NAME_Example/NotificationContent;
			sourceTree = "<group>";
		};
		F03892205BA4891ADC623DDB /* YKRPC_POD_NAME_Example */ = {
			isa = PBXGroup;
			children = (
				BAF3AD5BA396811BBEBE6E68 /* Info.plist */,
				830A4535D7E06B91158896D7 /* InfoQ.plist */,
			);
			name = YKRPC_POD_NAME_Example;
			path = YKRPC_POD_NAME_Example/YKRPC_POD_NAME_Example;
			sourceTree = "<group>";
		};
/* End PBXGroup section */

/* Begin PBXNativeTarget section */
		025BA46D77081E2FE62B053C /* YKRPC_POD_NAME_Example */ = {
			isa = PBXNativeTarget;
			buildConfigurationList = 7ACAC96ACA74034903D03C3E /* Build configuration list for PBXNativeTarget "YKRPC_POD_NAME_Example" */;
			buildPhases = (
				760A8E7E0771B2A8E22E6B18 /* 🔥build configuration */,
				68E8830E7ABA68AC21D40B5C /* Sources */,
				44AA37F8EEE1A2A17B55E077 /* Resources */,
				9DD43BD75767586FCF391190 /* Embed Foundation Extensions */,
			);
			buildRules = (
			);
			dependencies = (
				AB58C69C4A56BE443EED2325 /* PBXTargetDependency */,
				32217FCE8B6ED7972730B731 /* PBXTargetDependency */,
			);
			name = YKRPC_POD_NAME_Example;
			productName = YKRPC_POD_NAME_Example;
			productReference = 4428043D213F525DB1A88CC2 /* YKRPC_POD_NAME_Example.app */;
			productType = "com.apple.product-type.application";
		};
		102A9CC4AB81D3F45FE1C789 /* YKRPC_POD_NAME_ExampleQ */ = {
			isa = PBXNativeTarget;
			buildConfigurationList = 9E9C903AC98A5CAC4B0DB6A9 /* Build configuration list for PBXNativeTarget "YKRPC_POD_NAME_ExampleQ" */;
			buildPhases = (
				0723E7D71F277593A64E51ED /* 🔥build configuration */,
				D56F89BEE89C1DD9A0A9D9A4 /* Sources */,
				391D343C4037F929FF0D2EFE /* Resources */,
				8067B3185AE57BDCCE814CB1 /* Embed Foundation Extensions */,
			);
			buildRules = (
			);
			dependencies = (
				1AFC40DA18FA8EF8F750C95D /* PBXTargetDependency */,
				9212E563BB24E22750545C9E /* PBXTargetDependency */,
			);
			name = YKRPC_POD_NAME_ExampleQ;
			productName = YKRPC_POD_NAME_ExampleQ;
			productReference = 525EF26D0A5E576FA1C57118 /* YKRPC_POD_NAME_ExampleQ.app */;
			productType = "com.apple.product-type.application";
		};
		2A6FD03C987E90E50C52D84D /* NotificationServiceQ */ = {
			isa = PBXNativeTarget;
			buildConfigurationList = E0F72DB8E4A4A1753759FF5D /* Build configuration list for PBXNativeTarget "NotificationServiceQ" */;
			buildPhases = (
				89EC5D6C2B9F3B0992BA5CD8 /* 🔥build configuration */,
				9AEB1955678B8D346CC6D07F /* Sources */,
				0E05D63A0311A9EFEF266AC7 /* Resources */,
				41EB5A608D88113FBCB26469 /* Frameworks */,
			);
			buildRules = (
			);
			dependencies = (
			);
			name = NotificationServiceQ;
			productName = NotificationServiceQ;
			productReference = 493864C22F386D13C787A8C8 /* NotificationServiceQ.appex */;
			productType = "com.apple.product-type.app-extension";
		};
		5BD6DE13341336FA7934149F /* NotificationContent */ = {
			isa = PBXNativeTarget;
			buildConfigurationList = 29E98A7714867F86BB04A068 /* Build configuration list for PBXNativeTarget "NotificationContent" */;
			buildPhases = (
				EF9DBC6721983BDCF68B1113 /* 🔥build configuration */,
				9D8053B05DFBC61F2BC2ECDD /* Sources */,
				1C71A69B4F207C30EA1C34CD /* Resources */,
				42A95D88599B8E0B065E5D03 /* Frameworks */,
			);
			buildRules = (
			);
			dependencies = (
			);
			name = NotificationContent;
			productName = NotificationContent;
			productReference = 0A9202EDCC13940397ED54F6 /* NotificationContent.appex */;
			productType = "com.apple.product-type.app-extension";
		};
		6ABE28C2F21F003589A36625 /* NotificationService */ = {
			isa = PBXNativeTarget;
			buildConfigurationList = CF3D372A82FCBDCC0C5E1456 /* Build configuration list for PBXNativeTarget "NotificationService" */;
			buildPhases = (
				A81754E6F6C3DD3D1588EA67 /* 🔥build configuration */,
				956EAEC5FADD4BCBD31D8A18 /* Sources */,
				6FE4136D5745A31607702F67 /* Resources */,
				18538A3AD6E810389ACD64FB /* Frameworks */,
			);
			buildRules = (
			);
			dependencies = (
			);
			name = NotificationService;
			productName = NotificationService;
			productReference = AB81B327B61253450B822C72 /* NotificationService.appex */;
			productType = "com.apple.product-type.app-extension";
		};
		7D4ADE6CA11D85A0EDD35A3C /* NotificationContentQ */ = {
			isa = PBXNativeTarget;
			buildConfigurationList = DBEFFB6C5E16C1D78F01EA8B /* Build configuration list for PBXNativeTarget "NotificationContentQ" */;
			buildPhases = (
				A7708204C67CC7AE0259F69C /* 🔥build configuration */,
				5AEA98121BE9608DD6B383A3 /* Sources */,
				B5D85F7A596668123A824817 /* Resources */,
				C6383F241E720A127A77DAA0 /* Frameworks */,
			);
			buildRules = (
			);
			dependencies = (
			);
			name = NotificationContentQ;
			productName = NotificationContentQ;
			productReference = 1EE5D40FE49A0659E103EADD /* NotificationContentQ.appex */;
			productType = "com.apple.product-type.app-extension";
		};
/* End PBXNativeTarget section */

/* Begin PBXProject section */
		7B9BDDC8E90B0D6D6403F766 /* Project object */ = {
			isa = PBXProject;
			attributes = {
				BuildIndependentTargetsInParallel = YES;
				LastUpgradeCheck = 1430;
				TargetAttributes = {
				};
			};
			buildConfigurationList = ABF858132D08FB044D518D18 /* Build configuration list for PBXProject "YKRPC_POD_NAME_Example" */;
			compatibilityVersion = "Xcode 14.0";
			developmentRegion = en;
			hasScannedForEncodings = 0;
			knownRegions = (
				Base,
				en,
			);
			mainGroup = 15CB41614749CBF806881EC9;
			projectDirPath = "";
			projectRoot = "";
			targets = (
				5BD6DE13341336FA7934149F /* NotificationContent */,
				7D4ADE6CA11D85A0EDD35A3C /* NotificationContentQ */,
				6ABE28C2F21F003589A36625 /* NotificationService */,
				2A6FD03C987E90E50C52D84D /* NotificationServiceQ */,
				025BA46D77081E2FE62B053C /* YKRPC_POD_NAME_Example */,
				102A9CC4AB81D3F45FE1C789 /* YKRPC_POD_NAME_ExampleQ */,
			);
		};
/* End PBXProject section */

/* Begin PBXResourcesBuildPhase section */
		0E05D63A0311A9EFEF266AC7 /* Resources */ = {
			isa = PBXResourcesBuildPhase;
			buildActionMask = 2147483647;
			files = (
				A0CFD6CABED2766A6B57DDCC /* NotificationServiceInfo.plist in Resources */,
				C652005DF2DBCBBE58F6A968 /* NotificationServiceInfoQ.plist in Resources */,
			);
			runOnlyForDeploymentPostprocessing = 0;
		};
		1C71A69B4F207C30EA1C34CD /* Resources */ = {
			isa = PBXResourcesBuildPhase;
			buildActionMask = 2147483647;
			files = (
				BC96C2514E8406F6F92577A9 /* MainInterface.storyboard in Resources */,
				13861B2F48ABECE0E404FF7E /* NotificationContentInfo.plist in Resources */,
				ED6F68EABA67E10161DCE63D /* NotificationContentInfoQ.plist in Resources */,
			);
			runOnlyForDeploymentPostprocessing = 0;
		};
		391D343C4037F929FF0D2EFE /* Resources */ = {
			isa = PBXResourcesBuildPhase;
			buildActionMask = 2147483647;
			files = (
				1AA8D88D030A2888A05D36B1 /* Assets.xcassets in Resources */,
				E3618FC74CCA2307CB905D6A /* InfoQ.plist in Resources */,
				3CB879ECB8F018029F5C9D6B /* LaunchScreen.storyboard in Resources */,
				03A7C474D06A1EF03440863B /* ViewController.xib in Resources */,
			);
			runOnlyForDeploymentPostprocessing = 0;
		};
		44AA37F8EEE1A2A17B55E077 /* Resources */ = {
			isa = PBXResourcesBuildPhase;
			buildActionMask = 2147483647;
			files = (
				F839ADD38935DB03CAAB37AE /* Assets.xcassets in Resources */,
				5F404FD3F0C67B053C3A8D4A /* LaunchScreen.storyboard in Resources */,
				C286810CDCF150023052C281 /* ViewController.xib in Resources */,
			);
			runOnlyForDeploymentPostprocessing = 0;
		};
		6FE4136D5745A31607702F67 /* Resources */ = {
			isa = PBXResourcesBuildPhase;
			buildActionMask = 2147483647;
			files = (
				54608A590F1D6D6E789B155B /* NotificationServiceInfo.plist in Resources */,
				10CB71BEE543A969271B808D /* NotificationServiceInfoQ.plist in Resources */,
			);
			runOnlyForDeploymentPostprocessing = 0;
		};
		B5D85F7A596668123A824817 /* Resources */ = {
			isa = PBXResourcesBuildPhase;
			buildActionMask = 2147483647;
			files = (
				B0994AB095434BFED3DDEA8A /* MainInterface.storyboard in Resources */,
				834C4474B7F9A784924A07E6 /* NotificationContentInfo.plist in Resources */,
				9FB8593C30A709934FD30CC0 /* NotificationContentInfoQ.plist in Resources */,
			);
			runOnlyForDeploymentPostprocessing = 0;
		};
/* End PBXResourcesBuildPhase section */

/* Begin PBXShellScriptBuildPhase section */
		0723E7D71F277593A64E51ED /* 🔥build configuration */ = {
			isa = PBXShellScriptBuildPhase;
			buildActionMask = 2147483647;
			files = (
			);
			inputFileListPaths = (
			);
			inputPaths = (
			);
			name = "🔥build configuration";
			outputFileListPaths = (
			);
			outputPaths = (
			);
			runOnlyForDeploymentPostprocessing = 0;
			shellPath = /bin/sh;
			shellScript = "# Build Configuration\necho \"Build Configuration: $CONFIGURATION\"\necho \"GCC_PREPROCESSOR_DEFINITIONS: $GCC_PREPROCESSOR_DEFINITIONS\"\n";
		};
		760A8E7E0771B2A8E22E6B18 /* 🔥build configuration */ = {
			isa = PBXShellScriptBuildPhase;
			buildActionMask = 2147483647;
			files = (
			);
			inputFileListPaths = (
			);
			inputPaths = (
			);
			name = "🔥build configuration";
			outputFileListPaths = (
			);
			outputPaths = (
			);
			runOnlyForDeploymentPostprocessing = 0;
			shellPath = /bin/sh;
			shellScript = "# Build Configuration\necho \"Build Configuration: $CONFIGURATION\"\necho \"GCC_PREPROCESSOR_DEFINITIONS: $GCC_PREPROCESSOR_DEFINITIONS\"\n";
		};
		89EC5D6C2B9F3B0992BA5CD8 /* 🔥build configuration */ = {
			isa = PBXShellScriptBuildPhase;
			buildActionMask = 2147483647;
			files = (
			);
			inputFileListPaths = (
			);
			inputPaths = (
			);
			name = "🔥build configuration";
			outputFileListPaths = (
			);
			outputPaths = (
			);
			runOnlyForDeploymentPostprocessing = 0;
			shellPath = /bin/sh;
			shellScript = "# Build Configuration\necho \"Build Configuration: $CONFIGURATION\"\necho \"GCC_PREPROCESSOR_DEFINITIONS: $GCC_PREPROCESSOR_DEFINITIONS\"\n";
		};
		A7708204C67CC7AE0259F69C /* 🔥build configuration */ = {
			isa = PBXShellScriptBuildPhase;
			buildActionMask = 2147483647;
			files = (
			);
			inputFileListPaths = (
			);
			inputPaths = (
			);
			name = "🔥build configuration";
			outputFileListPaths = (
			);
			outputPaths = (
			);
			runOnlyForDeploymentPostprocessing = 0;
			shellPath = /bin/sh;
			shellScript = "# Build Configuration\necho \"Build Configuration: $CONFIGURATION\"\necho \"GCC_PREPROCESSOR_DEFINITIONS: $GCC_PREPROCESSOR_DEFINITIONS\"\n";
		};
		A81754E6F6C3DD3D1588EA67 /* 🔥build configuration */ = {
			isa = PBXShellScriptBuildPhase;
			buildActionMask = 2147483647;
			files = (
			);
			inputFileListPaths = (
			);
			inputPaths = (
			);
			name = "🔥build configuration";
			outputFileListPaths = (
			);
			outputPaths = (
			);
			runOnlyForDeploymentPostprocessing = 0;
			shellPath = /bin/sh;
			shellScript = "# Build Configuration\necho \"Build Configuration: $CONFIGURATION\"\necho \"GCC_PREPROCESSOR_DEFINITIONS: $GCC_PREPROCESSOR_DEFINITIONS\"\n";
		};
		EF9DBC6721983BDCF68B1113 /* 🔥build configuration */ = {
			isa = PBXShellScriptBuildPhase;
			buildActionMask = 2147483647;
			files = (
			);
			inputFileListPaths = (
			);
			inputPaths = (
			);
			name = "🔥build configuration";
			outputFileListPaths = (
			);
			outputPaths = (
			);
			runOnlyForDeploymentPostprocessing = 0;
			shellPath = /bin/sh;
			shellScript = "# Build Configuration\necho \"Build Configuration: $CONFIGURATION\"\necho \"GCC_PREPROCESSOR_DEFINITIONS: $GCC_PREPROCESSOR_DEFINITIONS\"\n";
		};
/* End PBXShellScriptBuildPhase section */

/* Begin PBXSourcesBuildPhase section */
		5AEA98121BE9608DD6B383A3 /* Sources */ = {
			isa = PBXSourcesBuildPhase;
			buildActionMask = 2147483647;
			files = (
				C4FFE507F31789A037F10B0A /* NotificationViewController.swift in Sources */,
			);
			runOnlyForDeploymentPostprocessing = 0;
		};
		68E8830E7ABA68AC21D40B5C /* Sources */ = {
			isa = PBXSourcesBuildPhase;
			buildActionMask = 2147483647;
			files = (
				68B43C3ADC228955DF19B118 /* AppDelegate.swift in Sources */,
				389EC1EB1D5611F5E266C8A1 /* ViewController.swift in Sources */,
				55A76022EB321EBA8ED872B0 /* YKRPC_POD_NAMEEmptyOC.m in Sources */,
			);
			runOnlyForDeploymentPostprocessing = 0;
		};
		956EAEC5FADD4BCBD31D8A18 /* Sources */ = {
			isa = PBXSourcesBuildPhase;
			buildActionMask = 2147483647;
			files = (
				C33FB7EC97BE18A082FDAE90 /* NotificationService.swift in Sources */,
			);
			runOnlyForDeploymentPostprocessing = 0;
		};
		9AEB1955678B8D346CC6D07F /* Sources */ = {
			isa = PBXSourcesBuildPhase;
			buildActionMask = 2147483647;
			files = (
				76D4D085F38AF44BAF829FB1 /* NotificationService.swift in Sources */,
			);
			runOnlyForDeploymentPostprocessing = 0;
		};
		9D8053B05DFBC61F2BC2ECDD /* Sources */ = {
			isa = PBXSourcesBuildPhase;
			buildActionMask = 2147483647;
			files = (
				FB2BDB54C34FE2542D744808 /* NotificationViewController.swift in Sources */,
			);
			runOnlyForDeploymentPostprocessing = 0;
		};
		D56F89BEE89C1DD9A0A9D9A4 /* Sources */ = {
			isa = PBXSourcesBuildPhase;
			buildActionMask = 2147483647;
			files = (
				6ECA40D682FA325D65AE591D /* AppDelegate.swift in Sources */,
				FC94E066226F56D020B23B95 /* ViewController.swift in Sources */,
				17A22D106293EDA414BAA375 /* YKRPC_POD_NAMEEmptyOC.m in Sources */,
			);
			runOnlyForDeploymentPostprocessing = 0;
		};
/* End PBXSourcesBuildPhase section */

/* Begin PBXTargetDependency section */
		1AFC40DA18FA8EF8F750C95D /* PBXTargetDependency */ = {
			isa = PBXTargetDependency;
			target = 7D4ADE6CA11D85A0EDD35A3C /* NotificationContentQ */;
			targetProxy = B1454A5F496CBB4FABC2026A /* PBXContainerItemProxy */;
		};
		32217FCE8B6ED7972730B731 /* PBXTargetDependency */ = {
			isa = PBXTargetDependency;
			target = 6ABE28C2F21F003589A36625 /* NotificationService */;
			targetProxy = 65F8BEA93D2DA9F15D41BD1B /* PBXContainerItemProxy */;
		};
		9212E563BB24E22750545C9E /* PBXTargetDependency */ = {
			isa = PBXTargetDependency;
			target = 2A6FD03C987E90E50C52D84D /* NotificationServiceQ */;
			targetProxy = 881B635A59B764953A634989 /* PBXContainerItemProxy */;
		};
		AB58C69C4A56BE443EED2325 /* PBXTargetDependency */ = {
			isa = PBXTargetDependency;
			target = 5BD6DE13341336FA7934149F /* NotificationContent */;
			targetProxy = DCA4F51FDDFA1881032019A5 /* PBXContainerItemProxy */;
		};
/* End PBXTargetDependency section */

/* Begin PBXVariantGroup section */
		702AE4F923264E694CD9E7B5 /* LaunchScreen.storyboard */ = {
			isa = PBXVariantGroup;
			children = (
				BD1923975B10157735080FC4 /* Base */,
			);
			name = LaunchScreen.storyboard;
			sourceTree = "<group>";
		};
		77F68168B539D0C803514F6A /* MainInterface.storyboard */ = {
			isa = PBXVariantGroup;
			children = (
				1F51BA1025CD135A421BF9FD /* Base */,
			);
			name = MainInterface.storyboard;
			sourceTree = "<group>";
		};
/* End PBXVariantGroup section */

/* Begin XCBuildConfiguration section */
		06B1885F8BDEAFB1824B3CD8 /* DebugQ */ = {
			isa = XCBuildConfiguration;
			baseConfigurationReference = 32008237047185729C746AA3 /* NotificationContent.Qdebug.xcconfig */;
			buildSettings = {
				LD_RUNPATH_SEARCH_PATHS = (
					"$(inherited)",
					"@executable_path/Frameworks",
					"@executable_path/../../Frameworks",
				);
				SDKROOT = iphoneos;
				TARGETED_DEVICE_FAMILY = "1,2";
			};
			name = DebugQ;
		};
		120E6ACE835DBBB16983F74F /* Release */ = {
			isa = XCBuildConfiguration;
			baseConfigurationReference = 7112CC745C595002DD20D9C2 /* Project.release.xcconfig */;
			buildSettings = {
				IPHONEOS_DEPLOYMENT_TARGET = 10.0;
				SDKROOT = iphoneos;
			};
			name = Release;
		};
		1927F39132A5D55047AB157F /* ReleaseQ */ = {
			isa = XCBuildConfiguration;
			baseConfigurationReference = DAF51CC88A1B7BF7413D0B4D /* NotificationService.Qrelease.xcconfig */;
			buildSettings = {
				LD_RUNPATH_SEARCH_PATHS = (
					"$(inherited)",
					"@executable_path/Frameworks",
					"@executable_path/../../Frameworks",
				);
				SDKROOT = iphoneos;
				TARGETED_DEVICE_FAMILY = "1,2";
			};
			name = ReleaseQ;
		};
		20AE3D9B496B4D1642775AC1 /* Release */ = {
			isa = XCBuildConfiguration;
			baseConfigurationReference = B6B6486AF8EA00FD996F1521 /* NotificationService.release.xcconfig */;
			buildSettings = {
				LD_RUNPATH_SEARCH_PATHS = (
					"$(inherited)",
					"@executable_path/Frameworks",
					"@executable_path/../../Frameworks",
				);
				SDKROOT = iphoneos;
				TARGETED_DEVICE_FAMILY = "1,2";
			};
			name = Release;
		};
		2457946EA1E126FC412E0808 /* Release */ = {
			isa = XCBuildConfiguration;
			baseConfigurationReference = 76BC818F8AA91062EFC04DC8 /* NotificationContent.release.xcconfig */;
			buildSettings = {
				LD_RUNPATH_SEARCH_PATHS = (
					"$(inherited)",
					"@executable_path/Frameworks",
					"@executable_path/../../Frameworks",
				);
				SDKROOT = iphoneos;
				TARGETED_DEVICE_FAMILY = "1,2";
			};
			name = Release;
		};
		2C983A32507C7371513FFDE8 /* DebugQ */ = {
			isa = XCBuildConfiguration;
			baseConfigurationReference = B7A911CA77B58FF5A9ADF951 /* Project.Qdebug.xcconfig */;
			buildSettings = {
				IPHONEOS_DEPLOYMENT_TARGET = 10.0;
				SDKROOT = iphoneos;
			};
			name = DebugQ;
		};
		38E2C82778D7914453902D0A /* Release */ = {
			isa = XCBuildConfiguration;
			baseConfigurationReference = 76BC818F8AA91062EFC04DC8 /* NotificationContent.release.xcconfig */;
			buildSettings = {
				LD_RUNPATH_SEARCH_PATHS = (
					"$(inherited)",
					"@executable_path/Frameworks",
					"@executable_path/../../Frameworks",
				);
				SDKROOT = iphoneos;
				TARGETED_DEVICE_FAMILY = "1,2";
			};
			name = Release;
		};
		3999959D1A444A38123CE219 /* ReleaseQ */ = {
			isa = XCBuildConfiguration;
			baseConfigurationReference = 4103B231D6303B41F4A9AD4A /* Project.Qrelease.xcconfig */;
			buildSettings = {
				IPHONEOS_DEPLOYMENT_TARGET = 10.0;
				SDKROOT = iphoneos;
			};
			name = ReleaseQ;
		};
		42A7E06668474425ECF8B571 /* Debug */ = {
			isa = XCBuildConfiguration;
			baseConfigurationReference = FB08B46851D6941DEE324CBB /* Project.debug.xcconfig */;
			buildSettings = {
				IPHONEOS_DEPLOYMENT_TARGET = 10.0;
				SDKROOT = iphoneos;
			};
			name = Debug;
		};
		527CEC4FC515CE7F5E2CA835 /* Release */ = {
			isa = XCBuildConfiguration;
			baseConfigurationReference = B160A36D8E4DF3D9B505B683 /* YKRPC_POD_NAME_Example.release.xcconfig */;
			buildSettings = {
				ASSETCATALOG_COMPILER_APPICON_NAME = AppIcon;
				CODE_SIGN_IDENTITY = "iPhone Developer";
				LD_RUNPATH_SEARCH_PATHS = (
					"$(inherited)",
					"@executable_path/Frameworks",
				);
				SDKROOT = iphoneos;
				TARGETED_DEVICE_FAMILY = "1,2";
			};
			name = Release;
		};
		5B529DB2343D46233DABC338 /* DebugQ */ = {
			isa = XCBuildConfiguration;
			baseConfigurationReference = 27C866A7051310EB1E295088 /* NotificationService.Qdebug.xcconfig */;
			buildSettings = {
				LD_RUNPATH_SEARCH_PATHS = (
					"$(inherited)",
					"@executable_path/Frameworks",
					"@executable_path/../../Frameworks",
				);
				SDKROOT = iphoneos;
				TARGETED_DEVICE_FAMILY = "1,2";
			};
			name = DebugQ;
		};
		5F6D236FCEC86DFFA1519A82 /* DebugQ */ = {
			isa = XCBuildConfiguration;
			baseConfigurationReference = 27C866A7051310EB1E295088 /* NotificationService.Qdebug.xcconfig */;
			buildSettings = {
				LD_RUNPATH_SEARCH_PATHS = (
					"$(inherited)",
					"@executable_path/Frameworks",
					"@executable_path/../../Frameworks",
				);
				SDKROOT = iphoneos;
				TARGETED_DEVICE_FAMILY = "1,2";
			};
			name = DebugQ;
		};
		5FF8259FC899F6DD4A3A6F54 /* Debug */ = {
			isa = XCBuildConfiguration;
			baseConfigurationReference = 8D4A0A3F70D30CECEE9B9911 /* NotificationService.debug.xcconfig */;
			buildSettings = {
				LD_RUNPATH_SEARCH_PATHS = (
					"$(inherited)",
					"@executable_path/Frameworks",
					"@executable_path/../../Frameworks",
				);
				SDKROOT = iphoneos;
				TARGETED_DEVICE_FAMILY = "1,2";
			};
			name = Debug;
		};
		75C0BDEC1F8EA077752754F5 /* ReleaseQ */ = {
			isa = XCBuildConfiguration;
			baseConfigurationReference = 8C912435CF22C2AFA8B0D854 /* NotificationContent.Qrelease.xcconfig */;
			buildSettings = {
				LD_RUNPATH_SEARCH_PATHS = (
					"$(inherited)",
					"@executable_path/Frameworks",
					"@executable_path/../../Frameworks",
				);
				SDKROOT = iphoneos;
				TARGETED_DEVICE_FAMILY = "1,2";
			};
			name = ReleaseQ;
		};
		7E29116A5783304D024E7B10 /* Debug */ = {
			isa = XCBuildConfiguration;
			baseConfigurationReference = 4B41F3ECF414E2E0F832B10D /* NotificationContent.debug.xcconfig */;
			buildSettings = {
				LD_RUNPATH_SEARCH_PATHS = (
					"$(inherited)",
					"@executable_path/Frameworks",
					"@executable_path/../../Frameworks",
				);
				SDKROOT = iphoneos;
				TARGETED_DEVICE_FAMILY = "1,2";
			};
			name = Debug;
		};
		7F9A19A74019B592CD20B96A /* ReleaseQ */ = {
			isa = XCBuildConfiguration;
			baseConfigurationReference = 8C912435CF22C2AFA8B0D854 /* NotificationContent.Qrelease.xcconfig */;
			buildSettings = {
				LD_RUNPATH_SEARCH_PATHS = (
					"$(inherited)",
					"@executable_path/Frameworks",
					"@executable_path/../../Frameworks",
				);
				SDKROOT = iphoneos;
				TARGETED_DEVICE_FAMILY = "1,2";
			};
			name = ReleaseQ;
		};
		8C1DE16E9A8105571B961319 /* Debug */ = {
			isa = XCBuildConfiguration;
			baseConfigurationReference = 4B41F3ECF414E2E0F832B10D /* NotificationContent.debug.xcconfig */;
			buildSettings = {
				LD_RUNPATH_SEARCH_PATHS = (
					"$(inherited)",
					"@executable_path/Frameworks",
					"@executable_path/../../Frameworks",
				);
				SDKROOT = iphoneos;
				TARGETED_DEVICE_FAMILY = "1,2";
			};
			name = Debug;
		};
		9AA5035A3DA60484E6AA37BB /* Debug */ = {
			isa = XCBuildConfiguration;
			baseConfigurationReference = D3B5C6737740BE1A546A7FCE /* YKRPC_POD_NAME_Example.debug.xcconfig */;
			buildSettings = {
				ASSETCATALOG_COMPILER_APPICON_NAME = AppIcon;
				CODE_SIGN_IDENTITY = "iPhone Developer";
				INFOPLIST_FILE = YKRPC_POD_NAME_Example/YKRPC_POD_NAME_Example/Info.plist;
				LD_RUNPATH_SEARCH_PATHS = (
					"$(inherited)",
					"@executable_path/Frameworks",
				);
				SDKROOT = iphoneos;
				TARGETED_DEVICE_FAMILY = "1,2";
			};
			name = Debug;
		};
		9E5181C62D5BADAAD734D02E /* DebugQ */ = {
			isa = XCBuildConfiguration;
			baseConfigurationReference = 4E0B9A8DFF0647E92BF2646F /* YKRPC_POD_NAME_Example.Qdebug.xcconfig */;
			buildSettings = {
				ASSETCATALOG_COMPILER_APPICON_NAME = AppIcon;
				CODE_SIGN_IDENTITY = "iPhone Developer";
				INFOPLIST_FILE = YKRPC_POD_NAME_Example/YKRPC_POD_NAME_Example/Info.plist;
				LD_RUNPATH_SEARCH_PATHS = (
					"$(inherited)",
					"@executable_path/Frameworks",
				);
				SDKROOT = iphoneos;
				TARGETED_DEVICE_FAMILY = "1,2";
			};
			name = DebugQ;
		};
		9F812C2F01E292F73715DE34 /* Debug */ = {
			isa = XCBuildConfiguration;
			baseConfigurationReference = 8D4A0A3F70D30CECEE9B9911 /* NotificationService.debug.xcconfig */;
			buildSettings = {
				LD_RUNPATH_SEARCH_PATHS = (
					"$(inherited)",
					"@executable_path/Frameworks",
					"@executable_path/../../Frameworks",
				);
				SDKROOT = iphoneos;
				TARGETED_DEVICE_FAMILY = "1,2";
			};
			name = Debug;
		};
		A39B672C0CB004ED33546980 /* Release */ = {
			isa = XCBuildConfiguration;
			baseConfigurationReference = B160A36D8E4DF3D9B505B683 /* YKRPC_POD_NAME_Example.release.xcconfig */;
			buildSettings = {
				ASSETCATALOG_COMPILER_APPICON_NAME = AppIcon;
				CODE_SIGN_IDENTITY = "iPhone Developer";
				INFOPLIST_FILE = YKRPC_POD_NAME_Example/YKRPC_POD_NAME_Example/Info.plist;
				LD_RUNPATH_SEARCH_PATHS = (
					"$(inherited)",
					"@executable_path/Frameworks",
				);
				SDKROOT = iphoneos;
				TARGETED_DEVICE_FAMILY = "1,2";
			};
			name = Release;
		};
		B21EF686F75BF0D986450897 /* DebugQ */ = {
			isa = XCBuildConfiguration;
			baseConfigurationReference = 4E0B9A8DFF0647E92BF2646F /* YKRPC_POD_NAME_Example.Qdebug.xcconfig */;
			buildSettings = {
				ASSETCATALOG_COMPILER_APPICON_NAME = AppIcon;
				CODE_SIGN_IDENTITY = "iPhone Developer";
				LD_RUNPATH_SEARCH_PATHS = (
					"$(inherited)",
					"@executable_path/Frameworks",
				);
				SDKROOT = iphoneos;
				TARGETED_DEVICE_FAMILY = "1,2";
			};
			name = DebugQ;
		};
		B3B5BB2328B934E3F7ECFA8E /* ReleaseQ */ = {
			isa = XCBuildConfiguration;
			baseConfigurationReference = DAF51CC88A1B7BF7413D0B4D /* NotificationService.Qrelease.xcconfig */;
			buildSettings = {
				LD_RUNPATH_SEARCH_PATHS = (
					"$(inherited)",
					"@executable_path/Frameworks",
					"@executable_path/../../Frameworks",
				);
				SDKROOT = iphoneos;
				TARGETED_DEVICE_FAMILY = "1,2";
			};
			name = ReleaseQ;
		};
		B8EC0AFECD5E5ECF2E8F9FA2 /* Release */ = {
			isa = XCBuildConfiguration;
			baseConfigurationReference = B6B6486AF8EA00FD996F1521 /* NotificationService.release.xcconfig */;
			buildSettings = {
				LD_RUNPATH_SEARCH_PATHS = (
					"$(inherited)",
					"@executable_path/Frameworks",
					"@executable_path/../../Frameworks",
				);
				SDKROOT = iphoneos;
				TARGETED_DEVICE_FAMILY = "1,2";
			};
			name = Release;
		};
		B9A7F1D518A657D21D9B8689 /* Debug */ = {
			isa = XCBuildConfiguration;
			baseConfigurationReference = D3B5C6737740BE1A546A7FCE /* YKRPC_POD_NAME_Example.debug.xcconfig */;
			buildSettings = {
				ASSETCATALOG_COMPILER_APPICON_NAME = AppIcon;
				CODE_SIGN_IDENTITY = "iPhone Developer";
				LD_RUNPATH_SEARCH_PATHS = (
					"$(inherited)",
					"@executable_path/Frameworks",
				);
				SDKROOT = iphoneos;
				TARGETED_DEVICE_FAMILY = "1,2";
			};
			name = Debug;
		};
		BC5D02B9CFCD29C3004FCFD6 /* ReleaseQ */ = {
			isa = XCBuildConfiguration;
			baseConfigurationReference = 756A1EC475277E60D606DABE /* YKRPC_POD_NAME_Example.Qrelease.xcconfig */;
			buildSettings = {
				ASSETCATALOG_COMPILER_APPICON_NAME = AppIcon;
				CODE_SIGN_IDENTITY = "iPhone Developer";
				LD_RUNPATH_SEARCH_PATHS = (
					"$(inherited)",
					"@executable_path/Frameworks",
				);
				SDKROOT = iphoneos;
				TARGETED_DEVICE_FAMILY = "1,2";
			};
			name = ReleaseQ;
		};
		EA7BEB1E6C25911C93FA9435 /* ReleaseQ */ = {
			isa = XCBuildConfiguration;
			baseConfigurationReference = 756A1EC475277E60D606DABE /* YKRPC_POD_NAME_Example.Qrelease.xcconfig */;
			buildSettings = {
				ASSETCATALOG_COMPILER_APPICON_NAME = AppIcon;
				CODE_SIGN_IDENTITY = "iPhone Developer";
				INFOPLIST_FILE = YKRPC_POD_NAME_Example/YKRPC_POD_NAME_Example/Info.plist;
				LD_RUNPATH_SEARCH_PATHS = (
					"$(inherited)",
					"@executable_path/Frameworks",
				);
				SDKROOT = iphoneos;
				TARGETED_DEVICE_FAMILY = "1,2";
			};
			name = ReleaseQ;
		};
		F4CFD6DBF651D5209E03E444 /* DebugQ */ = {
			isa = XCBuildConfiguration;
			baseConfigurationReference = 32008237047185729C746AA3 /* NotificationContent.Qdebug.xcconfig */;
			buildSettings = {
				LD_RUNPATH_SEARCH_PATHS = (
					"$(inherited)",
					"@executable_path/Frameworks",
					"@executable_path/../../Frameworks",
				);
				SDKROOT = iphoneos;
				TARGETED_DEVICE_FAMILY = "1,2";
			};
			name = DebugQ;
		};
/* End XCBuildConfiguration section */

/* Begin XCConfigurationList section */
		29E98A7714867F86BB04A068 /* Build configuration list for PBXNativeTarget "NotificationContent" */ = {
			isa = XCConfigurationList;
			buildConfigurations = (
				7E29116A5783304D024E7B10 /* Debug */,
				F4CFD6DBF651D5209E03E444 /* DebugQ */,
				2457946EA1E126FC412E0808 /* Release */,
				7F9A19A74019B592CD20B96A /* ReleaseQ */,
			);
			defaultConfigurationIsVisible = 0;
			defaultConfigurationName = Debug;
		};
		7ACAC96ACA74034903D03C3E /* Build configuration list for PBXNativeTarget "YKRPC_POD_NAME_Example" */ = {
			isa = XCConfigurationList;
			buildConfigurations = (
				9AA5035A3DA60484E6AA37BB /* Debug */,
				9E5181C62D5BADAAD734D02E /* DebugQ */,
				A39B672C0CB004ED33546980 /* Release */,
				EA7BEB1E6C25911C93FA9435 /* ReleaseQ */,
			);
			defaultConfigurationIsVisible = 0;
			defaultConfigurationName = Debug;
		};
		9E9C903AC98A5CAC4B0DB6A9 /* Build configuration list for PBXNativeTarget "YKRPC_POD_NAME_ExampleQ" */ = {
			isa = XCConfigurationList;
			buildConfigurations = (
				B9A7F1D518A657D21D9B8689 /* Debug */,
				B21EF686F75BF0D986450897 /* DebugQ */,
				527CEC4FC515CE7F5E2CA835 /* Release */,
				BC5D02B9CFCD29C3004FCFD6 /* ReleaseQ */,
			);
			defaultConfigurationIsVisible = 0;
			defaultConfigurationName = Debug;
		};
		ABF858132D08FB044D518D18 /* Build configuration list for PBXProject "YKRPC_POD_NAME_Example" */ = {
			isa = XCConfigurationList;
			buildConfigurations = (
				42A7E06668474425ECF8B571 /* Debug */,
				2C983A32507C7371513FFDE8 /* DebugQ */,
				120E6ACE835DBBB16983F74F /* Release */,
				3999959D1A444A38123CE219 /* ReleaseQ */,
			);
			defaultConfigurationIsVisible = 0;
			defaultConfigurationName = Debug;
		};
		CF3D372A82FCBDCC0C5E1456 /* Build configuration list for PBXNativeTarget "NotificationService" */ = {
			isa = XCConfigurationList;
			buildConfigurations = (
				9F812C2F01E292F73715DE34 /* Debug */,
				5F6D236FCEC86DFFA1519A82 /* DebugQ */,
				B8EC0AFECD5E5ECF2E8F9FA2 /* Release */,
				B3B5BB2328B934E3F7ECFA8E /* ReleaseQ */,
			);
			defaultConfigurationIsVisible = 0;
			defaultConfigurationName = Debug;
		};
		DBEFFB6C5E16C1D78F01EA8B /* Build configuration list for PBXNativeTarget "NotificationContentQ" */ = {
			isa = XCConfigurationList;
			buildConfigurations = (
				8C1DE16E9A8105571B961319 /* Debug */,
				06B1885F8BDEAFB1824B3CD8 /* DebugQ */,
				38E2C82778D7914453902D0A /* Release */,
				75C0BDEC1F8EA077752754F5 /* ReleaseQ */,
			);
			defaultConfigurationIsVisible = 0;
			defaultConfigurationName = Debug;
		};
		E0F72DB8E4A4A1753759FF5D /* Build configuration list for PBXNativeTarget "NotificationServiceQ" */ = {
			isa = XCConfigurationList;
			buildConfigurations = (
				5FF8259FC899F6DD4A3A6F54 /* Debug */,
				5B529DB2343D46233DABC338 /* DebugQ */,
				20AE3D9B496B4D1642775AC1 /* Release */,
				1927F39132A5D55047AB157F /* ReleaseQ */,
			);
			defaultConfigurationIsVisible = 0;
			defaultConfigurationName = Debug;
		};
/* End XCConfigurationList section */
	};
	rootObject = 7B9BDDC8E90B0D6D6403F766 /* Project object */;
}
