<?xml version="1.0" encoding="UTF-8"?>
<Scheme
   LastUpgradeVersion = "1430"
   version = "1.3">
   <BuildAction
      parallelizeBuildables = "YES"
      buildImplicitDependencies = "YES">
      <BuildActionEntries>
         <BuildActionEntry
            buildForTesting = "NO"
            buildForRunning = "YES"
            buildForProfiling = "YES"
            buildForArchiving = "YES"
            buildForAnalyzing = "YES">
            <BuildableReference
               BuildableIdentifier = "primary"
               BlueprintIdentifier = "102A9CC4AB81D3F45FE1C789"
               BuildableName = "YKRPC_POD_NAME_Example.app"
               BlueprintName = "YKRPC_POD_NAME_ExampleQ"
               ReferencedContainer = "container:YKRPC_POD_NAME_Example.xcodeproj">
            </BuildableReference>
         </BuildActionEntry>
      </BuildActionEntries>
   </BuildAction>
   <TestAction
      buildConfiguration = "DebugQ"
      selectedDebuggerIdentifier = "Xcode.DebuggerFoundation.Debugger.LLDB"
      selectedLauncherIdentifier = "Xcode.DebuggerFoundation.Launcher.LLDB"
      shouldUseLaunchSchemeArgsEnv = "YES">
      <MacroExpansion>
         <BuildableReference
            BuildableIdentifier = "primary"
            BlueprintIdentifier = "102A9CC4AB81D3F45FE1C789"
            BuildableName = "YKRPC_POD_NAME_Example.app"
            BlueprintName = "YKRPC_POD_NAME_ExampleQ"
            ReferencedContainer = "container:YKRPC_POD_NAME_Example.xcodeproj">
         </BuildableReference>
      </MacroExpansion>
      <Testables>
      </Testables>
   </TestAction>
   <LaunchAction
      buildConfiguration = "DebugQ"
      selectedDebuggerIdentifier = "Xcode.DebuggerFoundation.Debugger.LLDB"
      selectedLauncherIdentifier = "Xcode.DebuggerFoundation.Launcher.LLDB"
      launchStyle = "0"
      useCustomWorkingDirectory = "NO"
      ignoresPersistentStateOnLaunch = "NO"
      debugDocumentVersioning = "YES"
      debugServiceExtension = "internal"
      allowLocationSimulation = "YES">
      <BuildableProductRunnable
         runnableDebuggingMode = "0">
         <BuildableReference
            BuildableIdentifier = "primary"
            BlueprintIdentifier = "102A9CC4AB81D3F45FE1C789"
            BuildableName = "YKRPC_POD_NAME_Example.app"
            BlueprintName = "YKRPC_POD_NAME_ExampleQ"
            ReferencedContainer = "container:YKRPC_POD_NAME_Example.xcodeproj">
         </BuildableReference>
      </BuildableProductRunnable>
   </LaunchAction>
   <ProfileAction
      buildConfiguration = "ReleaseQ"
      shouldUseLaunchSchemeArgsEnv = "YES"
      savedToolIdentifier = ""
      useCustomWorkingDirectory = "NO"
      debugDocumentVersioning = "YES">
      <BuildableProductRunnable
         runnableDebuggingMode = "0">
         <BuildableReference
            BuildableIdentifier = "primary"
            BlueprintIdentifier = "102A9CC4AB81D3F45FE1C789"
            BuildableName = "YKRPC_POD_NAME_Example.app"
            BlueprintName = "YKRPC_POD_NAME_ExampleQ"
            ReferencedContainer = "container:YKRPC_POD_NAME_Example.xcodeproj">
         </BuildableReference>
      </BuildableProductRunnable>
   </ProfileAction>
   <AnalyzeAction
      buildConfiguration = "DebugQ">
   </AnalyzeAction>
   <ArchiveAction
      buildConfiguration = "ReleaseQ"
      customArchiveName = "YKRPC_POD_NAME_ExampleQ"
      revealArchiveInOrganizer = "NO">
   </ArchiveAction>
</Scheme>
